
Microsoft Visual Studio Solution File, Format Version 12.00
# Visual Studio Version 17
VisualStudioVersion = 17.2.32526.322
MinimumVisualStudioVersion = 10.0.40219.1
Project("{FAE04EC0-301F-11D3-BF4B-00C04F79EFBC}") = "WebApplication1", "WebApplication1\WebApplication1.csproj", "{FA1DB01B-AA23-4902-A641-4E7739E97EF3}"
EndProject
Global
	GlobalSection(SolutionConfigurationPlatforms) = preSolution
		Debug|Any CPU = Debug|Any CPU
		Release|Any CPU = Release|Any CPU
	EndGlobalSection
	GlobalSection(ProjectConfigurationPlatforms) = postSolution
		{FA1DB01B-AA23-4902-A641-4E7739E97EF3}.Debug|Any CPU.ActiveCfg = Debug|Any CPU
		{FA1DB01B-AA23-4902-A641-4E7739E97EF3}.Debug|Any CPU.Build.0 = Debug|Any CPU
		{FA1DB01B-AA23-4902-A641-4E7739E97EF3}.Release|Any CPU.ActiveCfg = Release|Any CPU
		{FA1DB01B-AA23-4902-A641-4E7739E97EF3}.Release|Any CPU.Build.0 = Release|Any CPU
	EndGlobalSection
	GlobalSection(SolutionProperties) = preSolution
		HideSolutionNode = FALSE
	EndGlobalSection
	GlobalSection(ExtensibilityGlobals) = postSolution
		SolutionGuid = {1EF9AEF9-CEF9-4FB6-A245-02E9928BA578}
	EndGlobalSection
EndGlobal
